
Microsoft Visual Studio Solution File, Format Version 12.00
# Visual Studio Version 16
VisualStudioVersion = 16.0.31613.86
MinimumVisualStudioVersion = 10.0.40219.1
Project("{FAE04EC0-301F-11D3-BF4B-00C04F79EFBC}") = "UntitledJumpGameTesting", "UntitledJumpGameTesting\UntitledJumpGameTesting.csproj", "{26BE735D-839A-4686-BBE0-5DF2428EF066}"
EndProject
Global
	GlobalSection(SolutionConfigurationPlatforms) = preSolution
		Debug|Any CPU = Debug|Any CPU
		Release|Any CPU = Release|Any CPU
	EndGlobalSection
	GlobalSection(ProjectConfigurationPlatforms) = postSolution
		{26BE735D-839A-4686-BBE0-5DF2428EF066}.Debug|Any CPU.ActiveCfg = Debug|Any CPU
		{26BE735D-839A-4686-BBE0-5DF2428EF066}.Debug|Any CPU.Build.0 = Debug|Any CPU
		{26BE735D-839A-4686-BBE0-5DF2428EF066}.Release|Any CPU.ActiveCfg = Release|Any CPU
		{26BE735D-839A-4686-BBE0-5DF2428EF066}.Release|Any CPU.Build.0 = Release|Any CPU
	EndGlobalSection
	GlobalSection(SolutionProperties) = preSolution
		HideSolutionNode = FALSE
	EndGlobalSection
	GlobalSection(ExtensibilityGlobals) = postSolution
		SolutionGuid = {B773079E-8D64-4A07-B0E8-3BF7BEE1AFD0}
	EndGlobalSection
EndGlobal
